
Microsoft Visual Studio Solution File, Format Version 12.00
# Visual Studio Version 16
VisualStudioVersion = 16.0.30611.23
MinimumVisualStudioVersion = 10.0.40219.1
Project("{FAE04EC0-301F-11D3-BF4B-00C04F79EFBC}") = "AuthenticationAndAuthorizationSample.Basics", "AuthenticationAndAuthorizationSample.Basics\AuthenticationAndAuthorizationSample.Basics.csproj", "{D3AFBCF1-511C-4F25-B89B-E2786573CC5C}"
EndProject
Global
	GlobalSection(SolutionConfigurationPlatforms) = preSolution
		Debug|Any CPU = Debug|Any CPU
		Release|Any CPU = Release|Any CPU
	EndGlobalSection
	GlobalSection(ProjectConfigurationPlatforms) = postSolution
		{D3AFBCF1-511C-4F25-B89B-E2786573CC5C}.Debug|Any CPU.ActiveCfg = Debug|Any CPU
		{D3AFBCF1-511C-4F25-B89B-E2786573CC5C}.Debug|Any CPU.Build.0 = Debug|Any CPU
		{D3AFBCF1-511C-4F25-B89B-E2786573CC5C}.Release|Any CPU.ActiveCfg = Release|Any CPU
		{D3AFBCF1-511C-4F25-B89B-E2786573CC5C}.Release|Any CPU.Build.0 = Release|Any CPU
	EndGlobalSection
	GlobalSection(SolutionProperties) = preSolution
		HideSolutionNode = FALSE
	EndGlobalSection
	GlobalSection(ExtensibilityGlobals) = postSolution
		SolutionGuid = {97C25A50-0AE3-493E-AA31-9F7713DBFEDB}
	EndGlobalSection
EndGlobal
